// !$*UTF8*$!
{
	archiveVersion = 1;
	classes = {
	};
	objectVersion = 56;
	objects = {

/* Begin PBXBuildFile section */
		654F86D32B1254CD006E78B8 /* InsetMapView.swift in Sources */ = {isa = PBXBuildFile; fileRef = 654F86D22B1254CD006E78B8 /* InsetMapView.swift */; };
		654F86D52B125B48006E78B8 /* ExternalWebLinkView.swift in Sources */ = {isa = PBXBuildFile; fileRef = 654F86D42B125B48006E78B8 /* ExternalWebLinkView.swift */; };
		654F86D72B126000006E78B8 /* VideoModel.swift in Sources */ = {isa = PBXBuildFile; fileRef = 654F86D62B126000006E78B8 /* VideoModel.swift */; };
		654F86D92B12614F006E78B8 /* VideoListItemView.swift in Sources */ = {isa = PBXBuildFile; fileRef = 654F86D82B12614F006E78B8 /* VideoListItemView.swift */; };
		654F86DB2B12707D006E78B8 /* VideoPlayerView.swift in Sources */ = {isa = PBXBuildFile; fileRef = 654F86DA2B12707D006E78B8 /* VideoPlayerView.swift */; };
		654F86DE2B1271EA006E78B8 /* VideoPlayerHelper.swift in Sources */ = {isa = PBXBuildFile; fileRef = 654F86DD2B1271EA006E78B8 /* VideoPlayerHelper.swift */; };
		6567F6572B11F52A00DFCBC2 /* MapView.swift in Sources */ = {isa = PBXBuildFile; fileRef = 6567F6562B11F52A00DFCBC2 /* MapView.swift */; };
		6567F6592B11F53C00DFCBC2 /* GalleryView.swift in Sources */ = {isa = PBXBuildFile; fileRef = 6567F6582B11F53C00DFCBC2 /* GalleryView.swift */; };
		6567F65B2B11F54900DFCBC2 /* MainView.swift in Sources */ = {isa = PBXBuildFile; fileRef = 6567F65A2B11F54900DFCBC2 /* MainView.swift */; };
		6567F65E2B11F84400DFCBC2 /* CoverImageView.swift in Sources */ = {isa = PBXBuildFile; fileRef = 6567F65D2B11F84400DFCBC2 /* CoverImageView.swift */; };
		6567F6612B11FA2B00DFCBC2 /* CoverImage.swift in Sources */ = {isa = PBXBuildFile; fileRef = 6567F6602B11FA2B00DFCBC2 /* CoverImage.swift */; };
		6567F6642B11FB6300DFCBC2 /* CodableBundleExtension.swift in Sources */ = {isa = PBXBuildFile; fileRef = 6567F6632B11FB6300DFCBC2 /* CodableBundleExtension.swift */; };
		6567F6662B1204C000DFCBC2 /* AnimalListViewItem.swift in Sources */ = {isa = PBXBuildFile; fileRef = 6567F6652B1204C000DFCBC2 /* AnimalListViewItem.swift */; };
		6567F66A2B1209BB00DFCBC2 /* AnimalModel.swift in Sources */ = {isa = PBXBuildFile; fileRef = 6567F6692B1209BB00DFCBC2 /* AnimalModel.swift */; };
		6567F66C2B1211AB00DFCBC2 /* AnimalDetailView.swift in Sources */ = {isa = PBXBuildFile; fileRef = 6567F66B2B1211AB00DFCBC2 /* AnimalDetailView.swift */; };
		6567F66E2B12164D00DFCBC2 /* HeadingView.swift in Sources */ = {isa = PBXBuildFile; fileRef = 6567F66D2B12164D00DFCBC2 /* HeadingView.swift */; };
		6567F6702B122B4500DFCBC2 /* InstetGalleryView.swift in Sources */ = {isa = PBXBuildFile; fileRef = 6567F66F2B122B4500DFCBC2 /* InstetGalleryView.swift */; };
		6567F6722B12337A00DFCBC2 /* InsetFactView.swift in Sources */ = {isa = PBXBuildFile; fileRef = 6567F6712B12337A00DFCBC2 /* InsetFactView.swift */; };
		656CE8772B11F13B006FA9C8 /* AfricaApp.swift in Sources */ = {isa = PBXBuildFile; fileRef = 656CE8762B11F13B006FA9C8 /* AfricaApp.swift */; };
		656CE8792B11F13B006FA9C8 /* ContentView.swift in Sources */ = {isa = PBXBuildFile; fileRef = 656CE8782B11F13B006FA9C8 /* ContentView.swift */; };
		656CE87B2B11F13C006FA9C8 /* Assets.xcassets in Resources */ = {isa = PBXBuildFile; fileRef = 656CE87A2B11F13C006FA9C8 /* Assets.xcassets */; };
		656CE87E2B11F13C006FA9C8 /* Preview Assets.xcassets in Resources */ = {isa = PBXBuildFile; fileRef = 656CE87D2B11F13C006FA9C8 /* Preview Assets.xcassets */; };
		656CE88F2B11F306006FA9C8 /* cheetah.mp4 in Resources */ = {isa = PBXBuildFile; fileRef = 656CE8852B11F303006FA9C8 /* cheetah.mp4 */; };
		656CE8902B11F306006FA9C8 /* giraffe.mp4 in Resources */ = {isa = PBXBuildFile; fileRef = 656CE8862B11F304006FA9C8 /* giraffe.mp4 */; };
		656CE8912B11F306006FA9C8 /* lion.mp4 in Resources */ = {isa = PBXBuildFile; fileRef = 656CE8872B11F304006FA9C8 /* lion.mp4 */; };
		656CE8922B11F306006FA9C8 /* gorilla.mp4 in Resources */ = {isa = PBXBuildFile; fileRef = 656CE8882B11F304006FA9C8 /* gorilla.mp4 */; };
		656CE8932B11F306006FA9C8 /* hippo.mp4 in Resources */ = {isa = PBXBuildFile; fileRef = 656CE8892B11F305006FA9C8 /* hippo.mp4 */; };
		656CE8942B11F306006FA9C8 /* lioness.mp4 in Resources */ = {isa = PBXBuildFile; fileRef = 656CE88A2B11F305006FA9C8 /* lioness.mp4 */; };
		656CE8952B11F306006FA9C8 /* ostrich.mp4 in Resources */ = {isa = PBXBuildFile; fileRef = 656CE88B2B11F305006FA9C8 /* ostrich.mp4 */; };
		656CE8962B11F306006FA9C8 /* elephant.mp4 in Resources */ = {isa = PBXBuildFile; fileRef = 656CE88C2B11F305006FA9C8 /* elephant.mp4 */; };
		656CE8972B11F306006FA9C8 /* rhino.mp4 in Resources */ = {isa = PBXBuildFile; fileRef = 656CE88D2B11F306006FA9C8 /* rhino.mp4 */; };
		656CE8982B11F306006FA9C8 /* zebra.mp4 in Resources */ = {isa = PBXBuildFile; fileRef = 656CE88E2B11F306006FA9C8 /* zebra.mp4 */; };
		656CE89E2B11F333006FA9C8 /* covers.json in Resources */ = {isa = PBXBuildFile; fileRef = 656CE89A2B11F332006FA9C8 /* covers.json */; };
		656CE89F2B11F333006FA9C8 /* animals.json in Resources */ = {isa = PBXBuildFile; fileRef = 656CE89B2B11F333006FA9C8 /* animals.json */; };
		656CE8A02B11F333006FA9C8 /* videos.json in Resources */ = {isa = PBXBuildFile; fileRef = 656CE89C2B11F333006FA9C8 /* videos.json */; };
		656CE8A12B11F333006FA9C8 /* locations.json in Resources */ = {isa = PBXBuildFile; fileRef = 656CE89D2B11F333006FA9C8 /* locations.json */; };
		656CE8A52B11F49F006FA9C8 /* VideoListView.swift in Sources */ = {isa = PBXBuildFile; fileRef = 656CE8A42B11F49F006FA9C8 /* VideoListView.swift */; };
/* End PBXBuildFile section */

/* Begin PBXFileReference section */
		654F86D22B1254CD006E78B8 /* InsetMapView.swift */ = {isa = PBXFileReference; lastKnownFileType = sourcecode.swift; path = InsetMapView.swift; sourceTree = "<group>"; };
		654F86D42B125B48006E78B8 /* ExternalWebLinkView.swift */ = {isa = PBXFileReference; lastKnownFileType = sourcecode.swift; path = ExternalWebLinkView.swift; sourceTree = "<group>"; };
		654F86D62B126000006E78B8 /* VideoModel.swift */ = {isa = PBXFileReference; lastKnownFileType = sourcecode.swift; path = VideoModel.swift; sourceTree = "<group>"; };
		654F86D82B12614F006E78B8 /* VideoListItemView.swift */ = {isa = PBXFileReference; lastKnownFileType = sourcecode.swift; path = VideoListItemView.swift; sourceTree = "<group>"; };
		654F86DA2B12707D006E78B8 /* VideoPlayerView.swift */ = {isa = PBXFileReference; lastKnownFileType = sourcecode.swift; path = VideoPlayerView.swift; sourceTree = "<group>"; };
		654F86DD2B1271EA006E78B8 /* VideoPlayerHelper.swift */ = {isa = PBXFileReference; lastKnownFileType = sourcecode.swift; path = VideoPlayerHelper.swift; sourceTree = "<group>"; };
		6567F6562B11F52A00DFCBC2 /* MapView.swift */ = {isa = PBXFileReference; lastKnownFileType = sourcecode.swift; path = MapView.swift; sourceTree = "<group>"; };
		6567F6582B11F53C00DFCBC2 /* GalleryView.swift */ = {isa = PBXFileReference; lastKnownFileType = sourcecode.swift; path = GalleryView.swift; sourceTree = "<group>"; };
		6567F65A2B11F54900DFCBC2 /* MainView.swift */ = {isa = PBXFileReference; lastKnownFileType = sourcecode.swift; path = MainView.swift; sourceTree = "<group>"; };
		6567F65D2B11F84400DFCBC2 /* CoverImageView.swift */ = {isa = PBXFileReference; lastKnownFileType = sourcecode.swift; path = CoverImageView.swift; sourceTree = "<group>"; };
		6567F6602B11FA2B00DFCBC2 /* CoverImage.swift */ = {isa = PBXFileReference; lastKnownFileType = sourcecode.swift; path = CoverImage.swift; sourceTree = "<group>"; };
		6567F6632B11FB6300DFCBC2 /* CodableBundleExtension.swift */ = {isa = PBXFileReference; lastKnownFileType = sourcecode.swift; path = CodableBundleExtension.swift; sourceTree = "<group>"; };
		6567F6652B1204C000DFCBC2 /* AnimalListViewItem.swift */ = {isa = PBXFileReference; lastKnownFileType = sourcecode.swift; path = AnimalListViewItem.swift; sourceTree = "<group>"; };
		6567F6692B1209BB00DFCBC2 /* AnimalModel.swift */ = {isa = PBXFileReference; lastKnownFileType = sourcecode.swift; path = AnimalModel.swift; sourceTree = "<group>"; };
		6567F66B2B1211AB00DFCBC2 /* AnimalDetailView.swift */ = {isa = PBXFileReference; lastKnownFileType = sourcecode.swift; path = AnimalDetailView.swift; sourceTree = "<group>"; };
		6567F66D2B12164D00DFCBC2 /* HeadingView.swift */ = {isa = PBXFileReference; lastKnownFileType = sourcecode.swift; path = HeadingView.swift; sourceTree = "<group>"; };
		6567F66F2B122B4500DFCBC2 /* InstetGalleryView.swift */ = {isa = PBXFileReference; lastKnownFileType = sourcecode.swift; path = InstetGalleryView.swift; sourceTree = "<group>"; };
		6567F6712B12337A00DFCBC2 /* InsetFactView.swift */ = {isa = PBXFileReference; lastKnownFileType = sourcecode.swift; path = InsetFactView.swift; sourceTree = "<group>"; };
		656CE8732B11F13B006FA9C8 /* Africa.app */ = {isa = PBXFileReference; explicitFileType = wrapper.application; includeInIndex = 0; path = Africa.app; sourceTree = BUILT_PRODUCTS_DIR; };
		656CE8762B11F13B006FA9C8 /* AfricaApp.swift */ = {isa = PBXFileReference; lastKnownFileType = sourcecode.swift; path = AfricaApp.swift; sourceTree = "<group>"; };
		656CE8782B11F13B006FA9C8 /* ContentView.swift */ = {isa = PBXFileReference; lastKnownFileType = sourcecode.swift; path = ContentView.swift; sourceTree = "<group>"; };
		656CE87A2B11F13C006FA9C8 /* Assets.xcassets */ = {isa = PBXFileReference; lastKnownFileType = folder.assetcatalog; path = Assets.xcassets; sourceTree = "<group>"; };
		656CE87D2B11F13C006FA9C8 /* Preview Assets.xcassets */ = {isa = PBXFileReference; lastKnownFileType = folder.assetcatalog; path = "Preview Assets.xcassets"; sourceTree = "<group>"; };
		656CE8852B11F303006FA9C8 /* cheetah.mp4 */ = {isa = PBXFileReference; lastKnownFileType = file; path = cheetah.mp4; sourceTree = "<group>"; };
		656CE8862B11F304006FA9C8 /* giraffe.mp4 */ = {isa = PBXFileReference; lastKnownFileType = file; path = giraffe.mp4; sourceTree = "<group>"; };
		656CE8872B11F304006FA9C8 /* lion.mp4 */ = {isa = PBXFileReference; lastKnownFileType = file; path = lion.mp4; sourceTree = "<group>"; };
		656CE8882B11F304006FA9C8 /* gorilla.mp4 */ = {isa = PBXFileReference; lastKnownFileType = file; path = gorilla.mp4; sourceTree = "<group>"; };
		656CE8892B11F305006FA9C8 /* hippo.mp4 */ = {isa = PBXFileReference; lastKnownFileType = file; path = hippo.mp4; sourceTree = "<group>"; };
		656CE88A2B11F305006FA9C8 /* lioness.mp4 */ = {isa = PBXFileReference; lastKnownFileType = file; path = lioness.mp4; sourceTree = "<group>"; };
		656CE88B2B11F305006FA9C8 /* ostrich.mp4 */ = {isa = PBXFileReference; lastKnownFileType = file; path = ostrich.mp4; sourceTree = "<group>"; };
		656CE88C2B11F305006FA9C8 /* elephant.mp4 */ = {isa = PBXFileReference; lastKnownFileType = file; path = elephant.mp4; sourceTree = "<group>"; };
		656CE88D2B11F306006FA9C8 /* rhino.mp4 */ = {isa = PBXFileReference; lastKnownFileType = file; path = rhino.mp4; sourceTree = "<group>"; };
		656CE88E2B11F306006FA9C8 /* zebra.mp4 */ = {isa = PBXFileReference; lastKnownFileType = file; path = zebra.mp4; sourceTree = "<group>"; };
		656CE89A2B11F332006FA9C8 /* covers.json */ = {isa = PBXFileReference; fileEncoding = 4; lastKnownFileType = text.json; path = covers.json; sourceTree = "<group>"; };
		656CE89B2B11F333006FA9C8 /* animals.json */ = {isa = PBXFileReference; fileEncoding = 4; lastKnownFileType = text.json; path = animals.json; sourceTree = "<group>"; };
		656CE89C2B11F333006FA9C8 /* videos.json */ = {isa = PBXFileReference; fileEncoding = 4; lastKnownFileType = text.json; path = videos.json; sourceTree = "<group>"; };
		656CE89D2B11F333006FA9C8 /* locations.json */ = {isa = PBXFileReference; fileEncoding = 4; lastKnownFileType = text.json; path = locations.json; sourceTree = "<group>"; };
		656CE8A22B11F3E9006FA9C8 /* Info.plist */ = {isa = PBXFileReference; lastKnownFileType = text.plist; path = Info.plist; sourceTree = "<group>"; };
		656CE8A42B11F49F006FA9C8 /* VideoListView.swift */ = {isa = PBXFileReference; lastKnownFileType = sourcecode.swift; path = VideoListView.swift; sourceTree = "<group>"; };
/* End PBXFileReference section */

/* Begin PBXFrameworksBuildPhase section */
		656CE8702B11F13B006FA9C8 /* Frameworks */ = {
			isa = PBXFrameworksBuildPhase;
			buildActionMask = 2147483647;
			files = (
			);
			runOnlyForDeploymentPostprocessing = 0;
		};
/* End PBXFrameworksBuildPhase section */

/* Begin PBXGroup section */
		654F86DC2B1271B8006E78B8 /* Utilities */ = {
			isa = PBXGroup;
			children = (
				654F86DD2B1271EA006E78B8 /* VideoPlayerHelper.swift */,
			);
			path = Utilities;
			sourceTree = "<group>";
		};
		6567F65C2B11F83000DFCBC2 /* View */ = {
			isa = PBXGroup;
			children = (
				6567F65D2B11F84400DFCBC2 /* CoverImageView.swift */,
				654F86D82B12614F006E78B8 /* VideoListItemView.swift */,
				6567F6652B1204C000DFCBC2 /* AnimalListViewItem.swift */,
				6567F66B2B1211AB00DFCBC2 /* AnimalDetailView.swift */,
				6567F66D2B12164D00DFCBC2 /* HeadingView.swift */,
				6567F66F2B122B4500DFCBC2 /* InstetGalleryView.swift */,
				6567F6712B12337A00DFCBC2 /* InsetFactView.swift */,
				654F86D22B1254CD006E78B8 /* InsetMapView.swift */,
				654F86D42B125B48006E78B8 /* ExternalWebLinkView.swift */,
				654F86DA2B12707D006E78B8 /* VideoPlayerView.swift */,
			);
			path = View;
			sourceTree = "<group>";
		};
		6567F65F2B11FA1400DFCBC2 /* Model */ = {
			isa = PBXGroup;
			children = (
				6567F6602B11FA2B00DFCBC2 /* CoverImage.swift */,
				6567F6692B1209BB00DFCBC2 /* AnimalModel.swift */,
				654F86D62B126000006E78B8 /* VideoModel.swift */,
			);
			path = Model;
			sourceTree = "<group>";
		};
		6567F6622B11FB5200DFCBC2 /* Extension */ = {
			isa = PBXGroup;
			children = (
				6567F6632B11FB6300DFCBC2 /* CodableBundleExtension.swift */,
			);
			path = Extension;
			sourceTree = "<group>";
		};
		656CE86A2B11F13A006FA9C8 = {
			isa = PBXGroup;
			children = (
				656CE8752B11F13B006FA9C8 /* Africa */,
				656CE8742B11F13B006FA9C8 /* Products */,
			);
			sourceTree = "<group>";
		};
		656CE8742B11F13B006FA9C8 /* Products */ = {
			isa = PBXGroup;
			children = (
				656CE8732B11F13B006FA9C8 /* Africa.app */,
			);
			name = Products;
			sourceTree = "<group>";
		};
		656CE8752B11F13B006FA9C8 /* Africa */ = {
			isa = PBXGroup;
			children = (
				656CE8A32B11F46F006FA9C8 /* App */,
				6567F65F2B11FA1400DFCBC2 /* Model */,
				6567F65C2B11F83000DFCBC2 /* View */,
				656CE8992B11F31D006FA9C8 /* Data */,
				654F86DC2B1271B8006E78B8 /* Utilities */,
				6567F6622B11FB5200DFCBC2 /* Extension */,
				656CE8842B11F2DC006FA9C8 /* Video */,
				656CE8A22B11F3E9006FA9C8 /* Info.plist */,
				656CE87A2B11F13C006FA9C8 /* Assets.xcassets */,
				656CE87C2B11F13C006FA9C8 /* Preview Content */,
			);
			path = Africa;
			sourceTree = "<group>";
		};
		656CE87C2B11F13C006FA9C8 /* Preview Content */ = {
			isa = PBXGroup;
			children = (
				656CE87D2B11F13C006FA9C8 /* Preview Assets.xcassets */,
			);
			path = "Preview Content";
			sourceTree = "<group>";
		};
		656CE8842B11F2DC006FA9C8 /* Video */ = {
			isa = PBXGroup;
			children = (
				656CE8852B11F303006FA9C8 /* cheetah.mp4 */,
				656CE88C2B11F305006FA9C8 /* elephant.mp4 */,
				656CE8862B11F304006FA9C8 /* giraffe.mp4 */,
				656CE8882B11F304006FA9C8 /* gorilla.mp4 */,
				656CE8892B11F305006FA9C8 /* hippo.mp4 */,
				656CE8872B11F304006FA9C8 /* lion.mp4 */,
				656CE88A2B11F305006FA9C8 /* lioness.mp4 */,
				656CE88B2B11F305006FA9C8 /* ostrich.mp4 */,
				656CE88D2B11F306006FA9C8 /* rhino.mp4 */,
				656CE88E2B11F306006FA9C8 /* zebra.mp4 */,
			);
			path = Video;
			sourceTree = "<group>";
		};
		656CE8992B11F31D006FA9C8 /* Data */ = {
			isa = PBXGroup;
			children = (
				656CE89B2B11F333006FA9C8 /* animals.json */,
				656CE89A2B11F332006FA9C8 /* covers.json */,
				656CE89D2B11F333006FA9C8 /* locations.json */,
				656CE89C2B11F333006FA9C8 /* videos.json */,
			);
			path = Data;
			sourceTree = "<group>";
		};
		656CE8A32B11F46F006FA9C8 /* App */ = {
			isa = PBXGroup;
			children = (
				656CE8762B11F13B006FA9C8 /* AfricaApp.swift */,
				656CE8782B11F13B006FA9C8 /* ContentView.swift */,
				656CE8A42B11F49F006FA9C8 /* VideoListView.swift */,
				6567F6562B11F52A00DFCBC2 /* MapView.swift */,
				6567F6582B11F53C00DFCBC2 /* GalleryView.swift */,
				6567F65A2B11F54900DFCBC2 /* MainView.swift */,
			);
			path = App;
			sourceTree = "<group>";
		};
/* End PBXGroup section */

/* Begin PBXNativeTarget section */
		656CE8722B11F13B006FA9C8 /* Africa */ = {
			isa = PBXNativeTarget;
			buildConfigurationList = 656CE8812B11F13C006FA9C8 /* Build configuration list for PBXNativeTarget "Africa" */;
			buildPhases = (
				656CE86F2B11F13B006FA9C8 /* Sources */,
				656CE8702B11F13B006FA9C8 /* Frameworks */,
				656CE8712B11F13B006FA9C8 /* Resources */,
			);
			buildRules = (
			);
			dependencies = (
			);
			name = Africa;
			productName = Africa;
			productReference = 656CE8732B11F13B006FA9C8 /* Africa.app */;
			productType = "com.apple.product-type.application";
		};
/* End PBXNativeTarget section */

/* Begin PBXProject section */
		656CE86B2B11F13A006FA9C8 /* Project object */ = {
			isa = PBXProject;
			attributes = {
				BuildIndependentTargetsInParallel = 1;
				LastSwiftUpdateCheck = 1500;
				LastUpgradeCheck = 1500;
				TargetAttributes = {
					656CE8722B11F13B006FA9C8 = {
						CreatedOnToolsVersion = 15.0;
					};
				};
			};
			buildConfigurationList = 656CE86E2B11F13A006FA9C8 /* Build configuration list for PBXProject "Africa" */;
			compatibilityVersion = "Xcode 14.0";
			developmentRegion = en;
			hasScannedForEncodings = 0;
			knownRegions = (
				en,
				Base,
			);
			mainGroup = 656CE86A2B11F13A006FA9C8;
			productRefGroup = 656CE8742B11F13B006FA9C8 /* Products */;
			projectDirPath = "";
			projectRoot = "";
			targets = (
				656CE8722B11F13B006FA9C8 /* Africa */,
			);
		};
/* End PBXProject section */

/* Begin PBXResourcesBuildPhase section */
		656CE8712B11F13B006FA9C8 /* Resources */ = {
			isa = PBXResourcesBuildPhase;
			buildActionMask = 2147483647;
			files = (
				656CE89E2B11F333006FA9C8 /* covers.json in Resources */,
				656CE87E2B11F13C006FA9C8 /* Preview Assets.xcassets in Resources */,
				656CE8A12B11F333006FA9C8 /* locations.json in Resources */,
				656CE8A02B11F333006FA9C8 /* videos.json in Resources */,
				656CE87B2B11F13C006FA9C8 /* Assets.xcassets in Resources */,
				656CE8932B11F306006FA9C8 /* hippo.mp4 in Resources */,
				656CE8952B11F306006FA9C8 /* ostrich.mp4 in Resources */,
				656CE8982B11F306006FA9C8 /* zebra.mp4 in Resources */,
				656CE8902B11F306006FA9C8 /* giraffe.mp4 in Resources */,
				656CE89F2B11F333006FA9C8 /* animals.json in Resources */,
				656CE8912B11F306006FA9C8 /* lion.mp4 in Resources */,
				656CE8922B11F306006FA9C8 /* gorilla.mp4 in Resources */,
				656CE88F2B11F306006FA9C8 /* cheetah.mp4 in Resources */,
				656CE8962B11F306006FA9C8 /* elephant.mp4 in Resources */,
				656CE8972B11F306006FA9C8 /* rhino.mp4 in Resources */,
				656CE8942B11F306006FA9C8 /* lioness.mp4 in Resources */,
			);
			runOnlyForDeploymentPostprocessing = 0;
		};
/* End PBXResourcesBuildPhase section */

/* Begin PBXSourcesBuildPhase section */
		656CE86F2B11F13B006FA9C8 /* Sources */ = {
			isa = PBXSourcesBuildPhase;
			buildActionMask = 2147483647;
			files = (
				656CE8792B11F13B006FA9C8 /* ContentView.swift in Sources */,
				6567F65B2B11F54900DFCBC2 /* MainView.swift in Sources */,
				6567F6702B122B4500DFCBC2 /* InstetGalleryView.swift in Sources */,
				6567F6722B12337A00DFCBC2 /* InsetFactView.swift in Sources */,
				6567F65E2B11F84400DFCBC2 /* CoverImageView.swift in Sources */,
				6567F6662B1204C000DFCBC2 /* AnimalListViewItem.swift in Sources */,
				6567F6612B11FA2B00DFCBC2 /* CoverImage.swift in Sources */,
				6567F66C2B1211AB00DFCBC2 /* AnimalDetailView.swift in Sources */,
				6567F66A2B1209BB00DFCBC2 /* AnimalModel.swift in Sources */,
				654F86D32B1254CD006E78B8 /* InsetMapView.swift in Sources */,
				654F86DE2B1271EA006E78B8 /* VideoPlayerHelper.swift in Sources */,
				6567F6572B11F52A00DFCBC2 /* MapView.swift in Sources */,
				654F86D52B125B48006E78B8 /* ExternalWebLinkView.swift in Sources */,
				656CE8772B11F13B006FA9C8 /* AfricaApp.swift in Sources */,
				654F86D72B126000006E78B8 /* VideoModel.swift in Sources */,
				656CE8A52B11F49F006FA9C8 /* VideoListView.swift in Sources */,
				6567F6592B11F53C00DFCBC2 /* GalleryView.swift in Sources */,
				654F86D92B12614F006E78B8 /* VideoListItemView.swift in Sources */,
				6567F6642B11FB6300DFCBC2 /* CodableBundleExtension.swift in Sources */,
				6567F66E2B12164D00DFCBC2 /* HeadingView.swift in Sources */,
				654F86DB2B12707D006E78B8 /* VideoPlayerView.swift in Sources */,
			);
			runOnlyForDeploymentPostprocessing = 0;
		};
/* End PBXSourcesBuildPhase section */

/* Begin XCBuildConfiguration section */
		656CE87F2B11F13C006FA9C8 /* Debug */ = {
			isa = XCBuildConfiguration;
			buildSettings = {
				ALWAYS_SEARCH_USER_PATHS = NO;
				ASSETCATALOG_COMPILER_GENERATE_SWIFT_ASSET_SYMBOL_EXTENSIONS = YES;
				CLANG_ANALYZER_NONNULL = YES;
				CLANG_ANALYZER_NUMBER_OBJECT_CONVERSION = YES_AGGRESSIVE;
				CLANG_CXX_LANGUAGE_STANDARD = "gnu++20";
				CLANG_ENABLE_MODULES = YES;
				CLANG_ENABLE_OBJC_ARC = YES;
				CLANG_ENABLE_OBJC_WEAK = YES;
				CLANG_WARN_BLOCK_CAPTURE_AUTORELEASING = YES;
				CLANG_WARN_BOOL_CONVERSION = YES;
				CLANG_WARN_COMMA = YES;
				CLANG_WARN_CONSTANT_CONVERSION = YES;
				CLANG_WARN_DEPRECATED_OBJC_IMPLEMENTATIONS = YES;
				CLANG_WARN_DIRECT_OBJC_ISA_USAGE = YES_ERROR;
				CLANG_WARN_DOCUMENTATION_COMMENTS = YES;
				CLANG_WARN_EMPTY_BODY = YES;
				CLANG_WARN_ENUM_CONVERSION = YES;
				CLANG_WARN_INFINITE_RECURSION = YES;
				CLANG_WARN_INT_CONVERSION = YES;
				CLANG_WARN_NON_LITERAL_NULL_CONVERSION = YES;
				CLANG_WARN_OBJC_IMPLICIT_RETAIN_SELF = YES;
				CLANG_WARN_OBJC_LITERAL_CONVERSION = YES;
				CLANG_WARN_OBJC_ROOT_CLASS = YES_ERROR;
				CLANG_WARN_QUOTED_INCLUDE_IN_FRAMEWORK_HEADER = YES;
				CLANG_WARN_RANGE_LOOP_ANALYSIS = YES;
				CLANG_WARN_STRICT_PROTOTYPES = YES;
				CLANG_WARN_SUSPICIOUS_MOVE = YES;
				CLANG_WARN_UNGUARDED_AVAILABILITY = YES_AGGRESSIVE;
				CLANG_WARN_UNREACHABLE_CODE = YES;
				CLANG_WARN__DUPLICATE_METHOD_MATCH = YES;
				COPY_PHASE_STRIP = NO;
				DEBUG_INFORMATION_FORMAT = dwarf;
				ENABLE_STRICT_OBJC_MSGSEND = YES;
				ENABLE_TESTABILITY = YES;
				ENABLE_USER_SCRIPT_SANDBOXING = YES;
				GCC_C_LANGUAGE_STANDARD = gnu17;
				GCC_DYNAMIC_NO_PIC = NO;
				GCC_NO_COMMON_BLOCKS = YES;
				GCC_OPTIMIZATION_LEVEL = 0;
				GCC_PREPROCESSOR_DEFINITIONS = (
					"DEBUG=1",
					"$(inherited)",
				);
				GCC_WARN_64_TO_32_BIT_CONVERSION = YES;
				GCC_WARN_ABOUT_RETURN_TYPE = YES_ERROR;
				GCC_WARN_UNDECLARED_SELECTOR = YES;
				GCC_WARN_UNINITIALIZED_AUTOS = YES_AGGRESSIVE;
				GCC_WARN_UNUSED_FUNCTION = YES;
				GCC_WARN_UNUSED_VARIABLE = YES;
				IPHONEOS_DEPLOYMENT_TARGET = 17.0;
				LOCALIZATION_PREFERS_STRING_CATALOGS = YES;
				MTL_ENABLE_DEBUG_INFO = INCLUDE_SOURCE;
				MTL_FAST_MATH = YES;
				ONLY_ACTIVE_ARCH = YES;
				SDKROOT = iphoneos;
				SWIFT_ACTIVE_COMPILATION_CONDITIONS = "DEBUG $(inherited)";
				SWIFT_OPTIMIZATION_LEVEL = "-Onone";
			};
			name = Debug;
		};
		656CE8802B11F13C006FA9C8 /* Release */ = {
			isa = XCBuildConfiguration;
			buildSettings = {
				ALWAYS_SEARCH_USER_PATHS = NO;
				ASSETCATALOG_COMPILER_GENERATE_SWIFT_ASSET_SYMBOL_EXTENSIONS = YES;
				CLANG_ANALYZER_NONNULL = YES;
				CLANG_ANALYZER_NUMBER_OBJECT_CONVERSION = YES_AGGRESSIVE;
				CLANG_CXX_LANGUAGE_STANDARD = "gnu++20";
				CLANG_ENABLE_MODULES = YES;
				CLANG_ENABLE_OBJC_ARC = YES;
				CLANG_ENABLE_OBJC_WEAK = YES;
				CLANG_WARN_BLOCK_CAPTURE_AUTORELEASING = YES;
				CLANG_WARN_BOOL_CONVERSION = YES;
				CLANG_WARN_COMMA = YES;
				CLANG_WARN_CONSTANT_CONVERSION = YES;
				CLANG_WARN_DEPRECATED_OBJC_IMPLEMENTATIONS = YES;
				CLANG_WARN_DIRECT_OBJC_ISA_USAGE = YES_ERROR;
				CLANG_WARN_DOCUMENTATION_COMMENTS = YES;
				CLANG_WARN_EMPTY_BODY = YES;
				CLANG_WARN_ENUM_CONVERSION = YES;
				CLANG_WARN_INFINITE_RECURSION = YES;
				CLANG_WARN_INT_CONVERSION = YES;
				CLANG_WARN_NON_LITERAL_NULL_CONVERSION = YES;
				CLANG_WARN_OBJC_IMPLICIT_RETAIN_SELF = YES;
				CLANG_WARN_OBJC_LITERAL_CONVERSION = YES;
				CLANG_WARN_OBJC_ROOT_CLASS = YES_ERROR;
				CLANG_WARN_QUOTED_INCLUDE_IN_FRAMEWORK_HEADER = YES;
				CLANG_WARN_RANGE_LOOP_ANALYSIS = YES;
				CLANG_WARN_STRICT_PROTOTYPES = YES;
				CLANG_WARN_SUSPICIOUS_MOVE = YES;
				CLANG_WARN_UNGUARDED_AVAILABILITY = YES_AGGRESSIVE;
				CLANG_WARN_UNREACHABLE_CODE = YES;
				CLANG_WARN__DUPLICATE_METHOD_MATCH = YES;
				COPY_PHASE_STRIP = NO;
				DEBUG_INFORMATION_FORMAT = "dwarf-with-dsym";
				ENABLE_NS_ASSERTIONS = NO;
				ENABLE_STRICT_OBJC_MSGSEND = YES;
				ENABLE_USER_SCRIPT_SANDBOXING = YES;
				GCC_C_LANGUAGE_STANDARD = gnu17;
				GCC_NO_COMMON_BLOCKS = YES;
				GCC_WARN_64_TO_32_BIT_CONVERSION = YES;
				GCC_WARN_ABOUT_RETURN_TYPE = YES_ERROR;
				GCC_WARN_UNDECLARED_SELECTOR = YES;
				GCC_WARN_UNINITIALIZED_AUTOS = YES_AGGRESSIVE;
				GCC_WARN_UNUSED_FUNCTION = YES;
				GCC_WARN_UNUSED_VARIABLE = YES;
				IPHONEOS_DEPLOYMENT_TARGET = 17.0;
				LOCALIZATION_PREFERS_STRING_CATALOGS = YES;
				MTL_ENABLE_DEBUG_INFO = NO;
				MTL_FAST_MATH = YES;
				SDKROOT = iphoneos;
				SWIFT_COMPILATION_MODE = wholemodule;
				VALIDATE_PRODUCT = YES;
			};
			name = Release;
		};
		656CE8822B11F13C006FA9C8 /* Debug */ = {
			isa = XCBuildConfiguration;
			buildSettings = {
				ASSETCATALOG_COMPILER_APPICON_NAME = AppIcon;
				ASSETCATALOG_COMPILER_GLOBAL_ACCENT_COLOR_NAME = AccentColor;
				CODE_SIGN_STYLE = Automatic;
				CURRENT_PROJECT_VERSION = 1;
				DEVELOPMENT_ASSET_PATHS = "\"Africa/Preview Content\"";
				DEVELOPMENT_TEAM = Y9XJT8FRMC;
				ENABLE_PREVIEWS = YES;
				GENERATE_INFOPLIST_FILE = YES;
				INFOPLIST_FILE = Africa/Info.plist;
				INFOPLIST_KEY_UIApplicationSceneManifest_Generation = YES;
				INFOPLIST_KEY_UIApplicationSupportsIndirectInputEvents = YES;
				INFOPLIST_KEY_UISupportedInterfaceOrientations_iPad = "UIInterfaceOrientationPortrait UIInterfaceOrientationPortraitUpsideDown UIInterfaceOrientationLandscapeLeft UIInterfaceOrientationLandscapeRight";
				INFOPLIST_KEY_UISupportedInterfaceOrientations_iPhone = "UIInterfaceOrientationPortrait UIInterfaceOrientationLandscapeLeft UIInterfaceOrientationLandscapeRight";
				INFOPLIST_KEY_UIUserInterfaceStyle = Dark;
				LD_RUNPATH_SEARCH_PATHS = (
					"$(inherited)",
					"@executable_path/Frameworks",
				);
				MARKETING_VERSION = 1.0;
				PRODUCT_BUNDLE_IDENTIFIER = com.furkancingoz.Africa;
				PRODUCT_NAME = "$(TARGET_NAME)";
				SWIFT_EMIT_LOC_STRINGS = YES;
				SWIFT_VERSION = 5.0;
				TARGETED_DEVICE_FAMILY = "1,2";
			};
			name = Debug;
		};
		656CE8832B11F13C006FA9C8 /* Release */ = {
			isa = XCBuildConfiguration;
			buildSettings = {
				ASSETCATALOG_COMPILER_APPICON_NAME = AppIcon;
				ASSETCATALOG_COMPILER_GLOBAL_ACCENT_COLOR_NAME = AccentColor;
				CODE_SIGN_STYLE = Automatic;
				CURRENT_PROJECT_VERSION = 1;
				DEVELOPMENT_ASSET_PATHS = "\"Africa/Preview Content\"";
				DEVELOPMENT_TEAM = Y9XJT8FRMC;
				ENABLE_PREVIEWS = YES;
				GENERATE_INFOPLIST_FILE = YES;
				INFOPLIST_FILE = Africa/Info.plist;
				INFOPLIST_KEY_UIApplicationSceneManifest_Generation = YES;
				INFOPLIST_KEY_UIApplicationSupportsIndirectInputEvents = YES;
				INFOPLIST_KEY_UISupportedInterfaceOrientations_iPad = "UIInterfaceOrientationPortrait UIInterfaceOrientationPortraitUpsideDown UIInterfaceOrientationLandscapeLeft UIInterfaceOrientationLandscapeRight";
				INFOPLIST_KEY_UISupportedInterfaceOrientations_iPhone = "UIInterfaceOrientationPortrait UIInterfaceOrientationLandscapeLeft UIInterfaceOrientationLandscapeRight";
				INFOPLIST_KEY_UIUserInterfaceStyle = Dark;
				LD_RUNPATH_SEARCH_PATHS = (
					"$(inherited)",
					"@executable_path/Frameworks",
				);
				MARKETING_VERSION = 1.0;
				PRODUCT_BUNDLE_IDENTIFIER = com.furkancingoz.Africa;
				PRODUCT_NAME = "$(TARGET_NAME)";
				SWIFT_EMIT_LOC_STRINGS = YES;
				SWIFT_VERSION = 5.0;
				TARGETED_DEVICE_FAMILY = "1,2";
			};
			name = Release;
		};
/* End XCBuildConfiguration section */

/* Begin XCConfigurationList section */
		656CE86E2B11F13A006FA9C8 /* Build configuration list for PBXProject "Africa" */ = {
			isa = XCConfigurationList;
			buildConfigurations = (
				656CE87F2B11F13C006FA9C8 /* Debug */,
				656CE8802B11F13C006FA9C8 /* Release */,
			);
			defaultConfigurationIsVisible = 0;
			defaultConfigurationName = Release;
		};
		656CE8812B11F13C006FA9C8 /* Build configuration list for PBXNativeTarget "Africa" */ = {
			isa = XCConfigurationList;
			buildConfigurations = (
				656CE8822B11F13C006FA9C8 /* Debug */,
				656CE8832B11F13C006FA9C8 /* Release */,
			);
			defaultConfigurationIsVisible = 0;
			defaultConfigurationName = Release;
		};
/* End XCConfigurationList section */
	};
	rootObject = 656CE86B2B11F13A006FA9C8 /* Project object */;
}
